{
    "_readme": [
        "This file locks the dependencies of your project to a known state",
        "Read more about it at http://getcomposer.org/doc/01-basic-usage.md#composer-lock-the-lock-file"
    ],
    "hash": "4bcff1901e3f00ed61e7505705f277b8",
    "packages": [
        {
            "name": "dg/texy",
            "version": "dev-release-2.x",
            "source": {
                "type": "git",
                "url": "https://github.com/dg/texy.git",
                "reference": "79d0e1517363ab32edf2db8ec515e3dc84f50f0a"
            },
            "dist": {
                "type": "zip",
                "url": "https://api.github.com/repos/dg/texy/zipball/79d0e1517363ab32edf2db8ec515e3dc84f50f0a",
                "reference": "79d0e1517363ab32edf2db8ec515e3dc84f50f0a",
                "shasum": ""
            },
            "require": {
                "php": ">=5.0.0"
            },
            "replace": {
                "dg/texy": "self.version"
            },
            "require-dev": {
                "nette/tester": "0.9.*"
            },
            "type": "library",
            "autoload": {
                "files": [
                    "src/texy.php"
                ]
            },
            "notification-url": "https://packagist.org/downloads/",
            "license": [
                "BSD-3-Clause",
                "GPL-2.0",
                "GPL-3.0"
            ],
            "authors": [
                {
                    "name": "David Grudl",
                    "homepage": "http://davidgrudl.com"
                }
            ],
            "description": "Texy converts plain text in easy to read Texy syntax into structurally valid (X)HTML. It supports adding of images, links, nested lists, tables and has full support for CSS. Texy supports hyphenation of long words (which reflects language rules), clickable emails and URL (emails are obfuscated against spambots), national typographic single and double quotation marks, ellipses, em dashes, dimension sign, nonbreakable spaces (e.g. in phone numbers), acronyms, arrows and many others. Texy code can optionally contain HTML tags.",
            "homepage": "http://texy.info",
            "keywords": [
                "html",
                "markdown",
                "markup language",
                "plain text",
                "text",
                "textile",
                "texy",
                "wiki",
                "xhtml"
            ],
            "time": "2013-10-16 20:01:41"
        },
        {
            "name": "janmarek/webloader",
            "version": "dev-master",
            "source": {
                "type": "git",
                "url": "https://github.com/janmarek/WebLoader.git",
                "reference": "d48cc80a6cf8d939daca1551a687db82f4da5603"
            },
            "dist": {
                "type": "zip",
                "url": "https://api.github.com/repos/janmarek/WebLoader/zipball/d48cc80a6cf8d939daca1551a687db82f4da5603",
                "reference": "d48cc80a6cf8d939daca1551a687db82f4da5603",
                "shasum": ""
            },
            "require": {
                "nette/nette": "~2.0"
            },
            "require-dev": {
                "mockery/mockery": "0.7.*",
                "phpunit/phpunit": "3.7.*"
            },
            "type": "library",
            "autoload": {
                "psr-0": {
                    "WebLoader": ""
                }
            },
            "notification-url": "https://packagist.org/downloads/",
            "license": [
                "MIT"
            ],
            "authors": [
                {
                    "name": "Jan Marek",
                    "email": "mail@janmarek.net",
                    "homepage": "http://www.janmarek.net/",
                    "role": "Author"
                }
            ],
            "description": "Tool for loading or deploying CSS and JS files into web pages",
            "homepage": "http://addons.nette.org/cs/webloader",
            "keywords": [
                "assets",
                "css",
                "javascript",
                "nette",
                "webloader"
            ],
            "time": "2013-07-03 22:23:40"
        },
        {
            "name": "kukulich/fshl",
            "version": "dev-develop",
            "source": {
                "type": "git",
                "url": "https://github.com/kukulich/fshl.git",
                "reference": "bb5383bbbda745d2de322bad7cbda7fb26eaeaf9"
            },
            "dist": {
                "type": "zip",
                "url": "https://api.github.com/repos/kukulich/fshl/zipball/bb5383bbbda745d2de322bad7cbda7fb26eaeaf9",
                "reference": "bb5383bbbda745d2de322bad7cbda7fb26eaeaf9",
                "shasum": ""
            },
            "require": {
                "php": ">=5.3"
            },
            "type": "library",
            "autoload": {
                "psr-0": {
                    "FSHL": "./"
                }
            },
            "notification-url": "https://packagist.org/downloads/",
            "license": [
                "GPL-2.0+"
            ],
            "authors": [
                {
                    "name": "Jaroslav Hanslík",
                    "homepage": "https://github.com/kukulich"
                }
            ],
            "description": "FSHL is a free, open source, universal, fast syntax highlighter written in PHP.",
            "homepage": "http://fshl.kukulich.cz/",
            "keywords": [
                "highlight",
                "library",
                "syntax"
            ],
            "time": "2012-09-29 20:19:04"
        },
        {
            "name": "leafo/lessphp",
            "version": "dev-master",
            "source": {
                "type": "git",
                "url": "https://github.com/leafo/lessphp.git",
                "reference": "bc4f33b4bfc889018ebe53611050729641b82dc6"
            },
            "dist": {
                "type": "zip",
                "url": "https://api.github.com/repos/leafo/lessphp/zipball/bc4f33b4bfc889018ebe53611050729641b82dc6",
                "reference": "bc4f33b4bfc889018ebe53611050729641b82dc6",
                "shasum": ""
            },
            "type": "library",
            "extra": {
                "branch-alias": {
                    "dev-master": "0.4.x-dev"
                }
            },
            "autoload": {
                "classmap": [
                    "lessc.inc.php"
                ]
            },
            "notification-url": "https://packagist.org/downloads/",
            "license": [
                "MIT",
                "GPL-3.0"
            ],
            "authors": [
                {
                    "name": "Leaf Corcoran",
                    "email": "leafot@gmail.com",
                    "homepage": "http://leafo.net"
                }
            ],
            "description": "lessphp is a compiler for LESS written in PHP.",
            "homepage": "http://leafo.net/lessphp/",
            "time": "2013-10-17 16:23:00"
        },
        {
            "name": "linkorb/jsmin-php",
            "version": "dev-master",
            "source": {
                "type": "git",
                "url": "https://github.com/linkorb/jsmin-php.git",
                "reference": "be85d87fc9c27730e7e9ced742b13010dafc1026"
            },
            "dist": {
                "type": "zip",
                "url": "https://api.github.com/repos/linkorb/jsmin-php/zipball/be85d87fc9c27730e7e9ced742b13010dafc1026",
                "reference": "be85d87fc9c27730e7e9ced742b13010dafc1026",
                "shasum": ""
            },
            "require": {
                "php": ">=5.0.0"
            },
            "type": "library",
            "autoload": {
                "classmap": [
                    "src/"
                ]
            },
            "notification-url": "https://packagist.org/downloads/",
            "license": [
                "MIT"
            ],
            "authors": [
                {
                    "name": "Joost Faassen",
                    "email": "j.faassen@linkorb.com",
                    "role": "Packaging for composer"
                },
                {
                    "name": "Douglas Crockford",
                    "email": "douglas@crockford.com"
                },
                {
                    "name": "Ryan Grove",
                    "email": "ryan@wonko.com",
                    "role": "PHP port"
                },
                {
                    "name": "Adam Gofort",
                    "email": "aag@adamgoforth.com",
                    "role": "Updates to the PHP port"
                }
            ],
            "description": "Unofficial package of jsmin-php",
            "homepage": "http://www.github.com/linkorb/jsmin-php",
            "keywords": [
                "javascript",
                "jsmin",
                "minify"
            ],
            "time": "2013-03-15 13:16:35"
        },
        {
            "name": "natxet/CssMin",
            "version": "dev-master",
            "source": {
                "type": "git",
                "url": "https://github.com/natxet/CssMin.git",
                "reference": "afdcdbdb5fc332313f47a79ae60346df3e69a572"
            },
            "dist": {
                "type": "zip",
                "url": "https://api.github.com/repos/natxet/CssMin/zipball/afdcdbdb5fc332313f47a79ae60346df3e69a572",
                "reference": "afdcdbdb5fc332313f47a79ae60346df3e69a572",
                "shasum": ""
            },
            "require": {
                "php": ">=5.0"
            },
            "type": "library",
            "autoload": {
                "classmap": [
                    "src/"
                ]
            },
            "notification-url": "https://packagist.org/downloads/",
            "license": [
                "MIT"
            ],
            "authors": [
                {
                    "name": "Joe Scylla",
                    "email": "joe.scylla@gmail.com",
                    "homepage": "https://profiles.google.com/joe.scylla"
                }
            ],
            "description": "Minifying CSS",
            "homepage": "http://code.google.com/p/cssmin/",
            "keywords": [
                "css",
                "minify"
            ],
            "time": "2013-07-02 20:53:35"
        },
        {
            "name": "nette/nette",
            "version": "dev-master",
            "source": {
                "type": "git",
                "url": "https://github.com/nette/nette.git",
                "reference": "39b480c311f9c88320ca4a343f864198fb65af52"
            },
            "dist": {
                "type": "zip",
                "url": "https://api.github.com/repos/nette/nette/zipball/39b480c311f9c88320ca4a343f864198fb65af52",
                "reference": "39b480c311f9c88320ca4a343f864198fb65af52",
                "shasum": ""
            },
            "require": {
                "ext-iconv": "*",
                "ext-tokenizer": "*",
                "php": ">=5.3.0"
            },
            "require-dev": {
                "nette/tester": "@dev"
            },
            "suggest": {
                "ext-fileinfo": "*",
                "ext-gd": "*",
                "ext-mbstring": "*",
                "ext-memcache": "*",
                "ext-pdo": "*"
            },
            "type": "library",
            "extra": {
                "branch-alias": {
                    "dev-master": "2.1-dev"
                }
            },
            "autoload": {
                "files": [
                    "Nette/loader.php"
                ]
            },
            "notification-url": "https://packagist.org/downloads/",
            "license": [
                "BSD-3-Clause",
                "GPL-2.0",
                "GPL-3.0"
            ],
            "authors": [
                {
                    "name": "David Grudl",
                    "homepage": "http://davidgrudl.com"
                },
                {
                    "name": "Nette Community",
                    "homepage": "http://nette.org/contributors"
                }
            ],
            "description": "Nette Framework - innovative framework for fast and easy development of secured web applications in PHP. Write less, have cleaner code and your work will bring you joy.",
            "homepage": "http://nette.org",
            "keywords": [
                "Forms",
                "database",
                "dbal",
                "debugging",
                "framework",
                "images",
                "latte",
                "mailing",
                "micro",
                "mvc",
                "neon",
                "templating"
            ],
            "time": "2013-10-15 22:07:48"
        },
        {
            "name": "srigi/nette-visualpaginator",
            "version": "dev-master",
            "source": {
                "type": "git",
                "url": "https://github.com/srigi/nette-visualpaginator.git",
                "reference": "2098503c9dc82d0c2787ea66e749672c5f06f9d1"
            },
            "dist": {
                "type": "zip",
                "url": "https://api.github.com/repos/srigi/nette-visualpaginator/zipball/2098503c9dc82d0c2787ea66e749672c5f06f9d1",
                "reference": "2098503c9dc82d0c2787ea66e749672c5f06f9d1",
                "shasum": ""
            },
            "require": {
                "nette/nette": "~2.0",
                "php": ">=5.3.0"
            },
            "type": "library",
            "autoload": {
                "psr-0": {
                    "VisualPaginator": "src/"
                }
            },
            "notification-url": "https://packagist.org/downloads/",
            "license": [
                "BSD-3-Clause"
            ],
            "authors": [
                {
                    "name": "David Grudl",
                    "email": "david@grudl.com",
                    "homepage": "http://davidgrudl.com",
                    "role": "Developer"
                },
                {
                    "name": "Igor Hlina",
                    "email": "srigi@srigi.sk"
                }
            ],
            "description": "Addon to display paginator in Nette webapplications",
            "time": "2013-02-21 16:57:03"
        }
    ],
    "packages-dev": [

    ],
    "aliases": [

    ],
    "minimum-stability": "stable",
    "stability-flags": {
        "nette/nette": 20,
        "srigi/nette-visualpaginator": 20,
        "dg/texy": 20,
        "kukulich/fshl": 20,
        "janmarek/webloader": 20,
        "natxet/cssmin": 20,
        "linkorb/jsmin-php": 20,
        "leafo/lessphp": 20
    },
    "platform": {
        "php": ">= 5.3.0"
    },
    "platform-dev": [

    ]
}
