{
    "_readme": [
        "This file locks the dependencies of your project to a known state",
        "Read more about it at http://getcomposer.org/doc/01-basic-usage.md#composer-lock-the-lock-file"
    ],
    "hash": "4d3d65b1815019f9ad337a60d421587c",
    "packages": [
        {
            "name": "dg/texy",
            "version": "dev-release-2.x",
            "source": {
                "type": "git",
                "url": "https://github.com/dg/texy.git",
                "reference": "79d0e1517363ab32edf2db8ec515e3dc84f50f0a"
            },
            "dist": {
                "type": "zip",
                "url": "https://api.github.com/repos/dg/texy/zipball/79d0e1517363ab32edf2db8ec515e3dc84f50f0a",
                "reference": "79d0e1517363ab32edf2db8ec515e3dc84f50f0a",
                "shasum": ""
            },
            "require": {
                "php": ">=5.0.0"
            },
            "replace": {
                "dg/texy": "self.version"
            },
            "require-dev": {
                "nette/tester": "0.9.*"
            },
            "type": "library",
            "autoload": {
                "files": [
                    "src/texy.php"
                ]
            },
            "notification-url": "https://packagist.org/downloads/",
            "license": [
                "BSD-3-Clause",
                "GPL-2.0",
                "GPL-3.0"
            ],
            "authors": [
                {
                    "name": "David Grudl",
                    "homepage": "http://davidgrudl.com"
                }
            ],
            "description": "Texy converts plain text in easy to read Texy syntax into structurally valid (X)HTML. It supports adding of images, links, nested lists, tables and has full support for CSS. Texy supports hyphenation of long words (which reflects language rules), clickable emails and URL (emails are obfuscated against spambots), national typographic single and double quotation marks, ellipses, em dashes, dimension sign, nonbreakable spaces (e.g. in phone numbers), acronyms, arrows and many others. Texy code can optionally contain HTML tags.",
            "homepage": "http://texy.info",
            "keywords": [
                "html",
                "markdown",
                "markup language",
                "plain text",
                "text",
                "textile",
                "texy",
                "wiki",
                "xhtml"
            ],
            "time": "2013-10-16 20:01:41"
        },
        {
            "name": "doctrine/annotations",
            "version": "v1.1.2",
            "source": {
                "type": "git",
                "url": "https://github.com/doctrine/annotations.git",
                "reference": "40db0c96985aab2822edbc4848b3bd2429e02670"
            },
            "dist": {
                "type": "zip",
                "url": "https://api.github.com/repos/doctrine/annotations/zipball/40db0c96985aab2822edbc4848b3bd2429e02670",
                "reference": "40db0c96985aab2822edbc4848b3bd2429e02670",
                "shasum": ""
            },
            "require": {
                "doctrine/lexer": "1.*",
                "php": ">=5.3.2"
            },
            "require-dev": {
                "doctrine/cache": "1.*"
            },
            "type": "library",
            "extra": {
                "branch-alias": {
                    "dev-master": "1.0.x-dev"
                }
            },
            "autoload": {
                "psr-0": {
                    "Doctrine\\Common\\Annotations\\": "lib/"
                }
            },
            "notification-url": "https://packagist.org/downloads/",
            "license": [
                "MIT"
            ],
            "authors": [
                {
                    "name": "Jonathan Wage",
                    "email": "jonwage@gmail.com",
                    "homepage": "http://www.jwage.com/",
                    "role": "Creator"
                },
                {
                    "name": "Guilherme Blanco",
                    "email": "guilhermeblanco@gmail.com",
                    "homepage": "http://www.instaclick.com"
                },
                {
                    "name": "Roman Borschel",
                    "email": "roman@code-factory.org"
                },
                {
                    "name": "Benjamin Eberlei",
                    "email": "kontakt@beberlei.de"
                },
                {
                    "name": "Johannes Schmitt",
                    "email": "schmittjoh@gmail.com",
                    "homepage": "http://jmsyst.com",
                    "role": "Developer of wrapped JMSSerializerBundle"
                }
            ],
            "description": "Docblock Annotations Parser",
            "homepage": "http://www.doctrine-project.org",
            "keywords": [
                "annotations",
                "docblock",
                "parser"
            ],
            "time": "2013-06-16 21:33:03"
        },
        {
            "name": "doctrine/cache",
            "version": "v1.3.0",
            "source": {
                "type": "git",
                "url": "https://github.com/doctrine/cache.git",
                "reference": "e16d7adf45664a50fa86f515b6d5e7f670130449"
            },
            "dist": {
                "type": "zip",
                "url": "https://api.github.com/repos/doctrine/cache/zipball/e16d7adf45664a50fa86f515b6d5e7f670130449",
                "reference": "e16d7adf45664a50fa86f515b6d5e7f670130449",
                "shasum": ""
            },
            "require": {
                "php": ">=5.3.2"
            },
            "conflict": {
                "doctrine/common": ">2.2,<2.4"
            },
            "require-dev": {
                "phpunit/phpunit": ">=3.7",
                "satooshi/php-coveralls": "~0.6"
            },
            "type": "library",
            "extra": {
                "branch-alias": {
                    "dev-master": "1.0.x-dev"
                }
            },
            "autoload": {
                "psr-0": {
                    "Doctrine\\Common\\Cache\\": "lib/"
                }
            },
            "notification-url": "https://packagist.org/downloads/",
            "license": [
                "MIT"
            ],
            "authors": [
                {
                    "name": "Jonathan Wage",
                    "email": "jonwage@gmail.com",
                    "homepage": "http://www.jwage.com/",
                    "role": "Creator"
                },
                {
                    "name": "Guilherme Blanco",
                    "email": "guilhermeblanco@gmail.com",
                    "homepage": "http://www.instaclick.com"
                },
                {
                    "name": "Roman Borschel",
                    "email": "roman@code-factory.org"
                },
                {
                    "name": "Benjamin Eberlei",
                    "email": "kontakt@beberlei.de"
                },
                {
                    "name": "Johannes Schmitt",
                    "email": "schmittjoh@gmail.com",
                    "homepage": "http://jmsyst.com",
                    "role": "Developer of wrapped JMSSerializerBundle"
                }
            ],
            "description": "Caching library offering an object-oriented API for many cache backends",
            "homepage": "http://www.doctrine-project.org",
            "keywords": [
                "cache",
                "caching"
            ],
            "time": "2013-10-25 19:04:14"
        },
        {
            "name": "doctrine/collections",
            "version": "v1.2",
            "source": {
                "type": "git",
                "url": "https://github.com/doctrine/collections.git",
                "reference": "b99c5c46c87126201899afe88ec490a25eedd6a2"
            },
            "dist": {
                "type": "zip",
                "url": "https://api.github.com/repos/doctrine/collections/zipball/b99c5c46c87126201899afe88ec490a25eedd6a2",
                "reference": "b99c5c46c87126201899afe88ec490a25eedd6a2",
                "shasum": ""
            },
            "require": {
                "php": ">=5.3.2"
            },
            "type": "library",
            "extra": {
                "branch-alias": {
                    "dev-master": "1.2.x-dev"
                }
            },
            "autoload": {
                "psr-0": {
                    "Doctrine\\Common\\Collections\\": "lib/"
                }
            },
            "notification-url": "https://packagist.org/downloads/",
            "license": [
                "MIT"
            ],
            "authors": [
                {
                    "name": "Jonathan Wage",
                    "email": "jonwage@gmail.com",
                    "homepage": "http://www.jwage.com/",
                    "role": "Creator"
                },
                {
                    "name": "Guilherme Blanco",
                    "email": "guilhermeblanco@gmail.com",
                    "homepage": "http://www.instaclick.com"
                },
                {
                    "name": "Roman Borschel",
                    "email": "roman@code-factory.org"
                },
                {
                    "name": "Benjamin Eberlei",
                    "email": "kontakt@beberlei.de"
                },
                {
                    "name": "Johannes Schmitt",
                    "email": "schmittjoh@gmail.com",
                    "homepage": "http://jmsyst.com",
                    "role": "Developer of wrapped JMSSerializerBundle"
                }
            ],
            "description": "Collections Abstraction library",
            "homepage": "http://www.doctrine-project.org",
            "keywords": [
                "array",
                "collections",
                "iterator"
            ],
            "time": "2014-02-03 23:07:43"
        },
        {
            "name": "doctrine/common",
            "version": "v2.4.1",
            "source": {
                "type": "git",
                "url": "https://github.com/doctrine/common.git",
                "reference": "ceb18cf9b0230f3ea208b6238130fd415abda0a7"
            },
            "dist": {
                "type": "zip",
                "url": "https://api.github.com/repos/doctrine/common/zipball/ceb18cf9b0230f3ea208b6238130fd415abda0a7",
                "reference": "ceb18cf9b0230f3ea208b6238130fd415abda0a7",
                "shasum": ""
            },
            "require": {
                "doctrine/annotations": "1.*",
                "doctrine/cache": "1.*",
                "doctrine/collections": "1.*",
                "doctrine/inflector": "1.*",
                "doctrine/lexer": "1.*",
                "php": ">=5.3.2"
            },
            "type": "library",
            "extra": {
                "branch-alias": {
                    "dev-master": "2.4.x-dev"
                }
            },
            "autoload": {
                "psr-0": {
                    "Doctrine\\Common\\": "lib/"
                }
            },
            "notification-url": "https://packagist.org/downloads/",
            "license": [
                "MIT"
            ],
            "authors": [
                {
                    "name": "Jonathan Wage",
                    "email": "jonwage@gmail.com",
                    "homepage": "http://www.jwage.com/",
                    "role": "Creator"
                },
                {
                    "name": "Guilherme Blanco",
                    "email": "guilhermeblanco@gmail.com",
                    "homepage": "http://www.instaclick.com"
                },
                {
                    "name": "Roman Borschel",
                    "email": "roman@code-factory.org"
                },
                {
                    "name": "Benjamin Eberlei",
                    "email": "kontakt@beberlei.de"
                },
                {
                    "name": "Johannes Schmitt",
                    "email": "schmittjoh@gmail.com",
                    "homepage": "http://jmsyst.com",
                    "role": "Developer of wrapped JMSSerializerBundle"
                }
            ],
            "description": "Common Library for Doctrine projects",
            "homepage": "http://www.doctrine-project.org",
            "keywords": [
                "annotations",
                "collections",
                "eventmanager",
                "persistence",
                "spl"
            ],
            "time": "2013-09-07 10:20:34"
        },
        {
            "name": "doctrine/dbal",
            "version": "v2.4.2",
            "source": {
                "type": "git",
                "url": "https://github.com/doctrine/dbal.git",
                "reference": "fec965d330c958e175c39e61c3f6751955af32d0"
            },
            "dist": {
                "type": "zip",
                "url": "https://api.github.com/repos/doctrine/dbal/zipball/fec965d330c958e175c39e61c3f6751955af32d0",
                "reference": "fec965d330c958e175c39e61c3f6751955af32d0",
                "shasum": ""
            },
            "require": {
                "doctrine/common": "~2.4",
                "php": ">=5.3.2"
            },
            "require-dev": {
                "phpunit/phpunit": "3.7.*",
                "symfony/console": "~2.0"
            },
            "suggest": {
                "symfony/console": "Allows use of the command line interface"
            },
            "type": "library",
            "autoload": {
                "psr-0": {
                    "Doctrine\\DBAL\\": "lib/"
                }
            },
            "notification-url": "https://packagist.org/downloads/",
            "license": [
                "MIT"
            ],
            "authors": [
                {
                    "name": "Jonathan Wage",
                    "email": "jonwage@gmail.com",
                    "homepage": "http://www.jwage.com/",
                    "role": "Creator"
                },
                {
                    "name": "Guilherme Blanco",
                    "email": "guilhermeblanco@gmail.com",
                    "homepage": "http://www.instaclick.com"
                },
                {
                    "name": "Roman Borschel",
                    "email": "roman@code-factory.org"
                },
                {
                    "name": "Benjamin Eberlei",
                    "email": "kontakt@beberlei.de"
                }
            ],
            "description": "Database Abstraction Layer",
            "homepage": "http://www.doctrine-project.org",
            "keywords": [
                "database",
                "dbal",
                "persistence",
                "queryobject"
            ],
            "time": "2014-01-01 16:43:57"
        },
        {
            "name": "doctrine/inflector",
            "version": "v1.0",
            "source": {
                "type": "git",
                "url": "https://github.com/doctrine/inflector.git",
                "reference": "54b8333d2a5682afdc690060c1cf384ba9f47f08"
            },
            "dist": {
                "type": "zip",
                "url": "https://api.github.com/repos/doctrine/inflector/zipball/54b8333d2a5682afdc690060c1cf384ba9f47f08",
                "reference": "54b8333d2a5682afdc690060c1cf384ba9f47f08",
                "shasum": ""
            },
            "require": {
                "php": ">=5.3.2"
            },
            "type": "library",
            "autoload": {
                "psr-0": {
                    "Doctrine\\Common\\Inflector\\": "lib/"
                }
            },
            "notification-url": "https://packagist.org/downloads/",
            "license": [
                "MIT"
            ],
            "authors": [
                {
                    "name": "Jonathan Wage",
                    "email": "jonwage@gmail.com",
                    "homepage": "http://www.jwage.com/",
                    "role": "Creator"
                },
                {
                    "name": "Guilherme Blanco",
                    "email": "guilhermeblanco@gmail.com",
                    "homepage": "http://www.instaclick.com"
                },
                {
                    "name": "Roman Borschel",
                    "email": "roman@code-factory.org"
                },
                {
                    "name": "Benjamin Eberlei",
                    "email": "kontakt@beberlei.de"
                },
                {
                    "name": "Johannes Schmitt",
                    "email": "schmittjoh@gmail.com",
                    "homepage": "http://jmsyst.com",
                    "role": "Developer of wrapped JMSSerializerBundle"
                }
            ],
            "description": "Common String Manipulations with regard to casing and singular/plural rules.",
            "homepage": "http://www.doctrine-project.org",
            "keywords": [
                "inflection",
                "pluarlize",
                "singuarlize",
                "string"
            ],
            "time": "2013-01-10 21:49:15"
        },
        {
            "name": "doctrine/lexer",
            "version": "v1.0",
            "source": {
                "type": "git",
                "url": "https://github.com/doctrine/lexer.git",
                "reference": "2f708a85bb3aab5d99dab8be435abd73e0b18acb"
            },
            "dist": {
                "type": "zip",
                "url": "https://api.github.com/repos/doctrine/lexer/zipball/2f708a85bb3aab5d99dab8be435abd73e0b18acb",
                "reference": "2f708a85bb3aab5d99dab8be435abd73e0b18acb",
                "shasum": ""
            },
            "require": {
                "php": ">=5.3.2"
            },
            "type": "library",
            "autoload": {
                "psr-0": {
                    "Doctrine\\Common\\Lexer\\": "lib/"
                }
            },
            "notification-url": "https://packagist.org/downloads/",
            "license": [
                "MIT"
            ],
            "authors": [
                {
                    "name": "Guilherme Blanco",
                    "email": "guilhermeblanco@gmail.com",
                    "homepage": "http://www.instaclick.com"
                },
                {
                    "name": "Roman Borschel",
                    "email": "roman@code-factory.org"
                },
                {
                    "name": "Johannes Schmitt",
                    "email": "schmittjoh@gmail.com",
                    "homepage": "http://jmsyst.com",
                    "role": "Developer of wrapped JMSSerializerBundle"
                }
            ],
            "description": "Base library for a lexer that can be used in Top-Down, Recursive Descent Parsers.",
            "homepage": "http://www.doctrine-project.org",
            "keywords": [
                "lexer",
                "parser"
            ],
            "time": "2013-01-12 18:59:04"
        },
        {
            "name": "doctrine/orm",
            "version": "v2.4.2",
            "source": {
                "type": "git",
                "url": "https://github.com/doctrine/doctrine2.git",
                "reference": "0363a5548d9263f979f9ca149decb9cfc66419ab"
            },
            "dist": {
                "type": "zip",
                "url": "https://api.github.com/repos/doctrine/doctrine2/zipball/0363a5548d9263f979f9ca149decb9cfc66419ab",
                "reference": "0363a5548d9263f979f9ca149decb9cfc66419ab",
                "shasum": ""
            },
            "require": {
                "doctrine/collections": "~1.1",
                "doctrine/dbal": "~2.4",
                "ext-pdo": "*",
                "php": ">=5.3.2",
                "symfony/console": "~2.0"
            },
            "require-dev": {
                "satooshi/php-coveralls": "dev-master",
                "symfony/yaml": "~2.1"
            },
            "suggest": {
                "symfony/yaml": "If you want to use YAML Metadata Mapping Driver"
            },
            "bin": [
                "bin/doctrine",
                "bin/doctrine.php"
            ],
            "type": "library",
            "extra": {
                "branch-alias": {
                    "dev-master": "2.4.x-dev"
                }
            },
            "autoload": {
                "psr-0": {
                    "Doctrine\\ORM\\": "lib/"
                }
            },
            "notification-url": "https://packagist.org/downloads/",
            "license": [
                "MIT"
            ],
            "authors": [
                {
                    "name": "Jonathan Wage",
                    "email": "jonwage@gmail.com",
                    "homepage": "http://www.jwage.com/",
                    "role": "Creator"
                },
                {
                    "name": "Guilherme Blanco",
                    "email": "guilhermeblanco@gmail.com",
                    "homepage": "http://www.instaclick.com"
                },
                {
                    "name": "Roman Borschel",
                    "email": "roman@code-factory.org"
                },
                {
                    "name": "Benjamin Eberlei",
                    "email": "kontakt@beberlei.de"
                }
            ],
            "description": "Object-Relational-Mapper for PHP",
            "homepage": "http://www.doctrine-project.org",
            "keywords": [
                "database",
                "orm"
            ],
            "time": "2014-02-08 16:35:09"
        },
        {
            "name": "janmarek/webloader",
            "version": "dev-master",
            "source": {
                "type": "git",
                "url": "https://github.com/janmarek/WebLoader.git",
                "reference": "2a44c5cafecf4955fd774d07d32ac795880e1b43"
            },
            "dist": {
                "type": "zip",
                "url": "https://api.github.com/repos/janmarek/WebLoader/zipball/2a44c5cafecf4955fd774d07d32ac795880e1b43",
                "reference": "2a44c5cafecf4955fd774d07d32ac795880e1b43",
                "shasum": ""
            },
            "require": {
                "nette/nette": "~2.0@rc"
            },
            "require-dev": {
                "mockery/mockery": "0.7.*",
                "phpunit/phpunit": "3.7.*"
            },
            "suggest": {
                "leafo/lessphp": "Lessphp is a composer for LESS written in PHP."
            },
            "type": "library",
            "autoload": {
                "psr-0": {
                    "WebLoader": ""
                }
            },
            "notification-url": "https://packagist.org/downloads/",
            "license": [
                "MIT"
            ],
            "authors": [
                {
                    "name": "Jan Marek",
                    "email": "mail@janmarek.net",
                    "homepage": "http://www.janmarek.net/",
                    "role": "Author"
                }
            ],
            "description": "Tool for loading or deploying CSS and JS files into web pages",
            "homepage": "http://addons.nette.org/cs/webloader",
            "keywords": [
                "assets",
                "css",
                "javascript",
                "nette",
                "webloader"
            ],
            "time": "2014-02-10 13:54:29"
        },
        {
            "name": "kdyby/annotations",
            "version": "v2.0.1",
            "source": {
                "type": "git",
                "url": "https://github.com/Kdyby/Annotations.git",
                "reference": "cbc10ed3269cca682442e367588b4c2582cabce1"
            },
            "dist": {
                "type": "zip",
                "url": "https://api.github.com/repos/Kdyby/Annotations/zipball/cbc10ed3269cca682442e367588b4c2582cabce1",
                "reference": "cbc10ed3269cca682442e367588b4c2582cabce1",
                "shasum": ""
            },
            "require": {
                "doctrine/annotations": "~1.1",
                "kdyby/doctrine-cache": "~2.0",
                "nette/nette": "~2.1@dev"
            },
            "conflict": {
                "kdyby/doctrine": "0.9.*"
            },
            "require-dev": {
                "nette/tester": "@dev"
            },
            "type": "library",
            "extra": {
                "branch-alias": {
                    "dev-master": "2.0-dev"
                }
            },
            "autoload": {
                "psr-0": {
                    "Kdyby\\Annotations\\": "src/"
                }
            },
            "notification-url": "https://packagist.org/downloads/",
            "license": [
                "BSD-3-Clause",
                "GPL-2.0",
                "GPL-3.0"
            ],
            "authors": [
                {
                    "name": "Filip Procházka",
                    "homepage": "http://filip-prochazka.com"
                },
                {
                    "name": "Jáchym Toušek",
                    "email": "enumag@gmail.com",
                    "homepage": "http://enumag.cz"
                }
            ],
            "description": "Doctrine Annotations integration into Nette Framework",
            "homepage": "http://kdyby.org",
            "keywords": [
                "annotations",
                "doctrine",
                "kdyby",
                "nette"
            ],
            "time": "2014-01-07 19:44:23"
        },
        {
            "name": "kdyby/console",
            "version": "v2.0.1",
            "source": {
                "type": "git",
                "url": "https://github.com/Kdyby/Console.git",
                "reference": "324cac9f9867ebcad13eb394d31da9489fc3637c"
            },
            "dist": {
                "type": "zip",
                "url": "https://api.github.com/repos/Kdyby/Console/zipball/324cac9f9867ebcad13eb394d31da9489fc3637c",
                "reference": "324cac9f9867ebcad13eb394d31da9489fc3637c",
                "shasum": ""
            },
            "require": {
                "nette/nette": "~2.1@dev",
                "symfony/console": "~2.4"
            },
            "require-dev": {
                "nette/tester": "@dev"
            },
            "type": "library",
            "extra": {
                "branch-alias": {
                    "dev-master": "2.0-dev"
                }
            },
            "autoload": {
                "psr-0": {
                    "Kdyby\\Console\\": "src/"
                },
                "classmap": [
                    "src/Kdyby/Console/CliPresenter.php",
                    "src/Kdyby/Console/exceptions.php"
                ]
            },
            "notification-url": "https://packagist.org/downloads/",
            "license": [
                "BSD-3-Clause",
                "GPL-2.0",
                "GPL-3.0"
            ],
            "authors": [
                {
                    "name": "Filip Procházka",
                    "homepage": "http://filip-prochazka.com"
                }
            ],
            "description": "Symfony Console integration for Kdyby components",
            "homepage": "http://kdyby.org",
            "keywords": [
                "console",
                "kdyby",
                "nette"
            ],
            "time": "2014-01-07 20:02:49"
        },
        {
            "name": "kdyby/doctrine",
            "version": "dev-master",
            "source": {
                "type": "git",
                "url": "https://github.com/Kdyby/Doctrine.git",
                "reference": "d225a26b349a7cbec438d7015812b9a22a730e32"
            },
            "dist": {
                "type": "zip",
                "url": "https://api.github.com/repos/Kdyby/Doctrine/zipball/d225a26b349a7cbec438d7015812b9a22a730e32",
                "reference": "d225a26b349a7cbec438d7015812b9a22a730e32",
                "shasum": ""
            },
            "require": {
                "doctrine/orm": "~2.4",
                "kdyby/annotations": "~2.0@dev",
                "kdyby/console": "~2.0@dev",
                "kdyby/doctrine-cache": "~2.1@dev",
                "kdyby/events": "~2.0@dev",
                "nette/nette": "~2.1@dev"
            },
            "require-dev": {
                "dg/dibi": "~2.0",
                "nette/tester": "@dev"
            },
            "type": "library",
            "extra": {
                "branch-alias": {
                    "dev-master": "1.1-dev"
                }
            },
            "autoload": {
                "psr-0": {
                    "Kdyby\\Doctrine\\": "src/",
                    "Kdyby\\Persistence\\": "src/",
                    "Kdyby\\DibiBridge\\": "src/"
                },
                "classmap": [
                    "src/Kdyby/Doctrine/exceptions.php"
                ]
            },
            "notification-url": "https://packagist.org/downloads/",
            "license": [
                "BSD-3-Clause",
                "GPL-2.0",
                "GPL-3.0"
            ],
            "authors": [
                {
                    "name": "Filip Procházka",
                    "homepage": "http://filip-prochazka.com"
                }
            ],
            "description": "Doctrine integration into Nette Framework",
            "homepage": "http://kdyby.org",
            "keywords": [
                "dbal",
                "doctrine",
                "kdyby",
                "nette",
                "orm"
            ],
            "time": "2014-02-20 22:12:38"
        },
        {
            "name": "kdyby/doctrine-cache",
            "version": "v2.1",
            "source": {
                "type": "git",
                "url": "https://github.com/Kdyby/DoctrineCache.git",
                "reference": "daa7040e4fa59572f037229c67277b91b745d2da"
            },
            "dist": {
                "type": "zip",
                "url": "https://api.github.com/repos/Kdyby/DoctrineCache/zipball/daa7040e4fa59572f037229c67277b91b745d2da",
                "reference": "daa7040e4fa59572f037229c67277b91b745d2da",
                "shasum": ""
            },
            "require": {
                "doctrine/cache": "~1.0",
                "nette/nette": "@dev"
            },
            "type": "library",
            "autoload": {
                "psr-0": {
                    "Kdyby\\DoctrineCache\\": "src/"
                }
            },
            "notification-url": "https://packagist.org/downloads/",
            "license": [
                "BSD-3-Clause",
                "GPL-2.0",
                "GPL-3.0"
            ],
            "authors": [
                {
                    "name": "Filip Procházka",
                    "homepage": "http://filip-prochazka.com"
                }
            ],
            "description": "Doctrine Cache bridge for Nette Framework",
            "homepage": "http://kdyby.org",
            "keywords": [
                "cache",
                "doctrine",
                "kdyby",
                "nette"
            ],
            "time": "2013-10-27 19:47:35"
        },
        {
            "name": "kdyby/events",
            "version": "v2.0.1",
            "source": {
                "type": "git",
                "url": "https://github.com/Kdyby/Events.git",
                "reference": "8878e831e7cc10a448b88b72b22f833c84e5adc8"
            },
            "dist": {
                "type": "zip",
                "url": "https://api.github.com/repos/Kdyby/Events/zipball/8878e831e7cc10a448b88b72b22f833c84e5adc8",
                "reference": "8878e831e7cc10a448b88b72b22f833c84e5adc8",
                "shasum": ""
            },
            "require": {
                "nette/nette": "~2.1@dev"
            },
            "require-dev": {
                "nette/tester": "@dev"
            },
            "type": "library",
            "extra": {
                "branch-alias": {
                    "dev-master": "2.0-dev"
                }
            },
            "autoload": {
                "psr-0": {
                    "Kdyby\\Events\\": "src/"
                },
                "classmap": [
                    "src/Kdyby/Events/exceptions.php"
                ],
                "files": [
                    "src/Doctrine/compatibility.php"
                ]
            },
            "notification-url": "https://packagist.org/downloads/",
            "license": [
                "BSD-3-Clause",
                "GPL-2.0",
                "GPL-3.0"
            ],
            "authors": [
                {
                    "name": "Filip Procházka",
                    "homepage": "http://filip-prochazka.com"
                }
            ],
            "description": "Events for Nette Framework",
            "homepage": "http://kdyby.org",
            "keywords": [
                "kdyby",
                "nette"
            ],
            "time": "2014-01-08 11:55:38"
        },
        {
            "name": "kukulich/fshl",
            "version": "dev-develop",
            "source": {
                "type": "git",
                "url": "https://github.com/kukulich/fshl.git",
                "reference": "bb5383bbbda745d2de322bad7cbda7fb26eaeaf9"
            },
            "dist": {
                "type": "zip",
                "url": "https://api.github.com/repos/kukulich/fshl/zipball/bb5383bbbda745d2de322bad7cbda7fb26eaeaf9",
                "reference": "bb5383bbbda745d2de322bad7cbda7fb26eaeaf9",
                "shasum": ""
            },
            "require": {
                "php": ">=5.3"
            },
            "type": "library",
            "autoload": {
                "psr-0": {
                    "FSHL": "./"
                }
            },
            "notification-url": "https://packagist.org/downloads/",
            "license": [
                "GPL-2.0+"
            ],
            "authors": [
                {
                    "name": "Jaroslav Hanslík",
                    "homepage": "https://github.com/kukulich"
                }
            ],
            "description": "FSHL is a free, open source, universal, fast syntax highlighter written in PHP.",
            "homepage": "http://fshl.kukulich.cz/",
            "keywords": [
                "highlight",
                "library",
                "syntax"
            ],
            "time": "2012-09-29 20:19:04"
        },
        {
            "name": "leafo/lessphp",
            "version": "v0.3.9",
            "source": {
                "type": "git",
                "url": "https://github.com/leafo/lessphp.git",
                "reference": "a11a6141b5715162b933c405379765d817891c5d"
            },
            "dist": {
                "type": "zip",
                "url": "https://api.github.com/repos/leafo/lessphp/zipball/a11a6141b5715162b933c405379765d817891c5d",
                "reference": "a11a6141b5715162b933c405379765d817891c5d",
                "shasum": ""
            },
            "type": "library",
            "extra": {
                "branch-alias": {
                    "dev-master": "0.3-dev"
                }
            },
            "autoload": {
                "classmap": [
                    "lessc.inc.php"
                ]
            },
            "notification-url": "https://packagist.org/downloads/",
            "license": [
                "MIT",
                "GPL-3.0"
            ],
            "authors": [
                {
                    "name": "Leaf Corcoran",
                    "email": "leafot@gmail.com",
                    "homepage": "http://leafo.net"
                }
            ],
            "description": "lessphp is a compiler for LESS written in PHP.",
            "homepage": "http://leafo.net/lessphp/",
            "time": "2013-03-02 16:13:31"
        },
        {
            "name": "linkorb/jsmin-php",
            "version": "dev-master",
            "source": {
                "type": "git",
                "url": "https://github.com/linkorb/jsmin-php.git",
                "reference": "be85d87fc9c27730e7e9ced742b13010dafc1026"
            },
            "dist": {
                "type": "zip",
                "url": "https://api.github.com/repos/linkorb/jsmin-php/zipball/be85d87fc9c27730e7e9ced742b13010dafc1026",
                "reference": "be85d87fc9c27730e7e9ced742b13010dafc1026",
                "shasum": ""
            },
            "require": {
                "php": ">=5.0.0"
            },
            "type": "library",
            "autoload": {
                "classmap": [
                    "src/"
                ]
            },
            "notification-url": "https://packagist.org/downloads/",
            "license": [
                "MIT"
            ],
            "authors": [
                {
                    "name": "Joost Faassen",
                    "email": "j.faassen@linkorb.com",
                    "role": "Packaging for composer"
                },
                {
                    "name": "Douglas Crockford",
                    "email": "douglas@crockford.com"
                },
                {
                    "name": "Ryan Grove",
                    "email": "ryan@wonko.com",
                    "role": "PHP port"
                },
                {
                    "name": "Adam Gofort",
                    "email": "aag@adamgoforth.com",
                    "role": "Updates to the PHP port"
                }
            ],
            "description": "Unofficial package of jsmin-php",
            "homepage": "http://www.github.com/linkorb/jsmin-php",
            "keywords": [
                "javascript",
                "jsmin",
                "minify"
            ],
            "time": "2013-03-15 13:16:35"
        },
        {
            "name": "natxet/CssMin",
            "version": "dev-master",
            "source": {
                "type": "git",
                "url": "https://github.com/natxet/CssMin.git",
                "reference": "afdcdbdb5fc332313f47a79ae60346df3e69a572"
            },
            "dist": {
                "type": "zip",
                "url": "https://api.github.com/repos/natxet/CssMin/zipball/afdcdbdb5fc332313f47a79ae60346df3e69a572",
                "reference": "afdcdbdb5fc332313f47a79ae60346df3e69a572",
                "shasum": ""
            },
            "require": {
                "php": ">=5.0"
            },
            "type": "library",
            "autoload": {
                "classmap": [
                    "src/"
                ]
            },
            "notification-url": "https://packagist.org/downloads/",
            "license": [
                "MIT"
            ],
            "authors": [
                {
                    "name": "Joe Scylla",
                    "email": "joe.scylla@gmail.com",
                    "homepage": "https://profiles.google.com/joe.scylla"
                }
            ],
            "description": "Minifying CSS",
            "homepage": "http://code.google.com/p/cssmin/",
            "keywords": [
                "css",
                "minify"
            ],
            "time": "2013-07-02 20:53:35"
        },
        {
            "name": "nette/nette",
            "version": "dev-master",
            "source": {
                "type": "git",
                "url": "https://github.com/nette/nette.git",
                "reference": "0f2bc0c4f09ed0af2dc063384a05c9523bc28914"
            },
            "dist": {
                "type": "zip",
                "url": "https://api.github.com/repos/nette/nette/zipball/0f2bc0c4f09ed0af2dc063384a05c9523bc28914",
                "reference": "0f2bc0c4f09ed0af2dc063384a05c9523bc28914",
                "shasum": ""
            },
            "require": {
                "ext-iconv": "*",
                "ext-tokenizer": "*",
                "php": ">=5.3.1"
            },
            "require-dev": {
                "nette/tester": "@dev"
            },
            "suggest": {
                "ext-fileinfo": "*",
                "ext-gd": "*",
                "ext-mbstring": "*",
                "ext-pdo": "*"
            },
            "type": "library",
            "extra": {
                "branch-alias": {
                    "dev-master": "2.2-dev"
                }
            },
            "autoload": {
                "classmap": [
                    "Nette/"
                ],
                "files": [
                    "Nette/common/shortcuts.php"
                ]
            },
            "notification-url": "https://packagist.org/downloads/",
            "license": [
                "BSD-3-Clause",
                "GPL-2.0",
                "GPL-3.0"
            ],
            "authors": [
                {
                    "name": "David Grudl",
                    "homepage": "http://davidgrudl.com"
                },
                {
                    "name": "Nette Community",
                    "homepage": "http://nette.org/contributors"
                }
            ],
            "description": "Nette Framework - innovative framework for fast and easy development of secured web applications in PHP. Write less, have cleaner code and your work will bring you joy.",
            "homepage": "http://nette.org",
            "keywords": [
                "Forms",
                "database",
                "debugging",
                "framework",
                "mailing",
                "mvc",
                "templating"
            ],
            "time": "2014-02-19 16:31:20"
        },
        {
            "name": "nette/tester",
            "version": "dev-master",
            "source": {
                "type": "git",
                "url": "https://github.com/nette/tester.git",
                "reference": "d7890156566f3d2a3d8256c215f768f753c9a481"
            },
            "dist": {
                "type": "zip",
                "url": "https://api.github.com/repos/nette/tester/zipball/d7890156566f3d2a3d8256c215f768f753c9a481",
                "reference": "d7890156566f3d2a3d8256c215f768f753c9a481",
                "shasum": ""
            },
            "require": {
                "php": ">=5.3.0"
            },
            "bin": [
                "Tester/tester",
                "Tester/coverage-report"
            ],
            "type": "library",
            "extra": {
                "branch-alias": {
                    "dev-master": "1.1-dev"
                }
            },
            "autoload": {
                "classmap": [
                    "Tester/"
                ]
            },
            "notification-url": "https://packagist.org/downloads/",
            "license": [
                "BSD-3-Clause",
                "GPL-2.0",
                "GPL-3.0"
            ],
            "authors": [
                {
                    "name": "David Grudl",
                    "homepage": "http://davidgrudl.com"
                },
                {
                    "name": "Nette Community",
                    "homepage": "http://nette.org/contributors"
                }
            ],
            "description": "An easy-to-use PHP Unit Testing framework.",
            "homepage": "http://nette.org",
            "keywords": [
                "nette",
                "testing",
                "unit"
            ],
            "time": "2014-02-19 16:48:04"
        },
        {
            "name": "symfony/console",
            "version": "v2.4.2",
            "target-dir": "Symfony/Component/Console",
            "source": {
                "type": "git",
                "url": "https://github.com/symfony/Console.git",
                "reference": "940f217cbc3c8a33e5403e7c595495c4884400fe"
            },
            "dist": {
                "type": "zip",
                "url": "https://api.github.com/repos/symfony/Console/zipball/940f217cbc3c8a33e5403e7c595495c4884400fe",
                "reference": "940f217cbc3c8a33e5403e7c595495c4884400fe",
                "shasum": ""
            },
            "require": {
                "php": ">=5.3.3"
            },
            "require-dev": {
                "symfony/event-dispatcher": "~2.1"
            },
            "suggest": {
                "symfony/event-dispatcher": ""
            },
            "type": "library",
            "extra": {
                "branch-alias": {
                    "dev-master": "2.4-dev"
                }
            },
            "autoload": {
                "psr-0": {
                    "Symfony\\Component\\Console\\": ""
                }
            },
            "notification-url": "https://packagist.org/downloads/",
            "license": [
                "MIT"
            ],
            "authors": [
                {
                    "name": "Fabien Potencier",
                    "email": "fabien@symfony.com",
                    "homepage": "http://fabien.potencier.org",
                    "role": "Lead Developer"
                },
                {
                    "name": "Symfony Community",
                    "homepage": "http://symfony.com/contributors"
                }
            ],
            "description": "Symfony Console Component",
            "homepage": "http://symfony.com",
            "time": "2014-02-11 13:52:09"
        }
    ],
    "packages-dev": [

    ],
    "aliases": [

    ],
    "minimum-stability": "stable",
    "stability-flags": {
        "nette/nette": 20,
        "nette/tester": 20,
        "dg/texy": 20,
        "kukulich/fshl": 20,
        "janmarek/webloader": 20,
        "natxet/cssmin": 20,
        "linkorb/jsmin-php": 20,
        "leafo/lessphp": 20,
        "kdyby/doctrine": 20
    },
    "platform": {
        "php": ">= 5.3.0"
    },
    "platform-dev": [

    ]
}
